
Microsoft Visual Studio Solution File, Format Version 12.00
# Visual Studio 15
VisualStudioVersion = 15.0.27130.2027
MinimumVisualStudioVersion = 10.0.40219.1
Project("{FAE04EC0-301F-11D3-BF4B-00C04F79EFBC}") = "ProviderHubService", "ProviderHubService\ProviderHubService.csproj", "{C3DE06FA-B0DA-4D09-A552-1253A0276B89}"
EndProject
Project("{FAE04EC0-301F-11D3-BF4B-00C04F79EFBC}") = "ProviderHubServiceUnitTest", "ProviderHubServiceUnitTest\ProviderHubServiceUnitTest.csproj", "{0AE6C792-7E29-4A64-96BF-BF21D003E3E7}"
	ProjectSection(ProjectDependencies) = postProject
		{C3DE06FA-B0DA-4D09-A552-1253A0276B89} = {C3DE06FA-B0DA-4D09-A552-1253A0276B89}
	EndProjectSection
EndProject
Project("{9A19103F-16F7-4668-BE54-9A1E7A4F7556}") = "BehavorialHealthWeb", "MentalHealthWeb\BehavorialHealthWeb.csproj", "{DC2521CB-3919-478B-B1E5-16C3A385B8D3}"
EndProject
Project("{FAE04EC0-301F-11D3-BF4B-00C04F79EFBC}") = "ProviderHubRESTService", "ProviderHubRESTService\ProviderHubRESTService.csproj", "{5D767D44-0E24-4D35-9A50-C8F96E0A6DE4}"
EndProject
Global
	GlobalSection(SolutionConfigurationPlatforms) = preSolution
		Debug|Any CPU = Debug|Any CPU
		Release|Any CPU = Release|Any CPU
	EndGlobalSection
	GlobalSection(ProjectConfigurationPlatforms) = postSolution
		{C3DE06FA-B0DA-4D09-A552-1253A0276B89}.Debug|Any CPU.ActiveCfg = Debug|Any CPU
		{C3DE06FA-B0DA-4D09-A552-1253A0276B89}.Debug|Any CPU.Build.0 = Debug|Any CPU
		{C3DE06FA-B0DA-4D09-A552-1253A0276B89}.Release|Any CPU.ActiveCfg = Release|Any CPU
		{C3DE06FA-B0DA-4D09-A552-1253A0276B89}.Release|Any CPU.Build.0 = Release|Any CPU
		{0AE6C792-7E29-4A64-96BF-BF21D003E3E7}.Debug|Any CPU.ActiveCfg = Debug|Any CPU
		{0AE6C792-7E29-4A64-96BF-BF21D003E3E7}.Debug|Any CPU.Build.0 = Debug|Any CPU
		{0AE6C792-7E29-4A64-96BF-BF21D003E3E7}.Release|Any CPU.ActiveCfg = Release|Any CPU
		{0AE6C792-7E29-4A64-96BF-BF21D003E3E7}.Release|Any CPU.Build.0 = Release|Any CPU
		{DC2521CB-3919-478B-B1E5-16C3A385B8D3}.Debug|Any CPU.ActiveCfg = Debug|Any CPU
		{DC2521CB-3919-478B-B1E5-16C3A385B8D3}.Debug|Any CPU.Build.0 = Debug|Any CPU
		{DC2521CB-3919-478B-B1E5-16C3A385B8D3}.Release|Any CPU.ActiveCfg = Release|Any CPU
		{DC2521CB-3919-478B-B1E5-16C3A385B8D3}.Release|Any CPU.Build.0 = Release|Any CPU
		{5D767D44-0E24-4D35-9A50-C8F96E0A6DE4}.Debug|Any CPU.ActiveCfg = Debug|Any CPU
		{5D767D44-0E24-4D35-9A50-C8F96E0A6DE4}.Debug|Any CPU.Build.0 = Debug|Any CPU
		{5D767D44-0E24-4D35-9A50-C8F96E0A6DE4}.Release|Any CPU.ActiveCfg = Release|Any CPU
		{5D767D44-0E24-4D35-9A50-C8F96E0A6DE4}.Release|Any CPU.Build.0 = Release|Any CPU
	EndGlobalSection
	GlobalSection(SolutionProperties) = preSolution
		HideSolutionNode = FALSE
	EndGlobalSection
	GlobalSection(ExtensibilityGlobals) = postSolution
		SolutionGuid = {D306610B-4291-4BA9-BF70-574CCB34B47C}
	EndGlobalSection
EndGlobal
