
Microsoft Visual Studio Solution File, Format Version 12.00
# Visual Studio 15
VisualStudioVersion = 15.0.27130.2027
MinimumVisualStudioVersion = 10.0.40219.1
Project("{FAE04EC0-301F-11D3-BF4B-00C04F79EFBC}") = "ProviderHubService", "ProviderHubService\ProviderHubService.csproj", "{C3DE06FA-B0DA-4D09-A552-1253A0276B89}"
EndProject
Project("{FAE04EC0-301F-11D3-BF4B-00C04F79EFBC}") = "ProviderHubServiceUnitTest", "ProviderHubServiceUnitTest\ProviderHubServiceUnitTest.csproj", "{0AE6C792-7E29-4A64-96BF-BF21D003E3E7}"
	ProjectSection(ProjectDependencies) = postProject
		{C3DE06FA-B0DA-4D09-A552-1253A0276B89} = {C3DE06FA-B0DA-4D09-A552-1253A0276B89}
	EndProjectSection
EndProject
Project("{9A19103F-16F7-4668-BE54-9A1E7A4F7556}") = "BehavorialHealthWeb", "BehavorialHealthWeb\BehavorialHealthWeb.csproj", "{521C145D-7982-4F76-A2B3-12BF69D9DB2F}"
EndProject
Project("{E24C65DC-7377-472B-9ABA-BC803B73C61A}") = "ProviderHubClient", "ProviderHubClient\", "{929781C5-095E-4D2A-9674-DBEE7D6EE550}"
	ProjectSection(WebsiteProperties) = preProject
		TargetFrameworkMoniker = ".NETFramework,Version%3Dv4.6.1"
		Debug.AspNetCompiler.VirtualPath = "/localhost_51300"
		Debug.AspNetCompiler.PhysicalPath = "ProviderHubClient\"
		Debug.AspNetCompiler.TargetPath = "PrecompiledWeb\localhost_51300\"
		Debug.AspNetCompiler.Updateable = "true"
		Debug.AspNetCompiler.ForceOverwrite = "true"
		Debug.AspNetCompiler.FixedNames = "false"
		Debug.AspNetCompiler.Debug = "True"
		Release.AspNetCompiler.VirtualPath = "/localhost_51300"
		Release.AspNetCompiler.PhysicalPath = "ProviderHubClient\"
		Release.AspNetCompiler.TargetPath = "PrecompiledWeb\localhost_51300\"
		Release.AspNetCompiler.Updateable = "true"
		Release.AspNetCompiler.ForceOverwrite = "true"
		Release.AspNetCompiler.FixedNames = "false"
		Release.AspNetCompiler.Debug = "False"
		VWDPort = "51300"
		SlnRelativePath = "ProviderHubClient\"
		DefaultWebSiteLanguage = "Visual C#"
	EndProjectSection
EndProject
Project("{FAE04EC0-301F-11D3-BF4B-00C04F79EFBC}") = "ProviderHubServiceNew", "ProviderHubServiceNew\ProviderHubServiceNew.csproj", "{042AD770-577F-4680-97F1-6DF74B4228F7}"
EndProject
Global
	GlobalSection(SolutionConfigurationPlatforms) = preSolution
		Debug|Any CPU = Debug|Any CPU
		Release|Any CPU = Release|Any CPU
	EndGlobalSection
	GlobalSection(ProjectConfigurationPlatforms) = postSolution
		{C3DE06FA-B0DA-4D09-A552-1253A0276B89}.Debug|Any CPU.ActiveCfg = Debug|Any CPU
		{C3DE06FA-B0DA-4D09-A552-1253A0276B89}.Debug|Any CPU.Build.0 = Debug|Any CPU
		{C3DE06FA-B0DA-4D09-A552-1253A0276B89}.Release|Any CPU.ActiveCfg = Release|Any CPU
		{C3DE06FA-B0DA-4D09-A552-1253A0276B89}.Release|Any CPU.Build.0 = Release|Any CPU
		{0AE6C792-7E29-4A64-96BF-BF21D003E3E7}.Debug|Any CPU.ActiveCfg = Debug|Any CPU
		{0AE6C792-7E29-4A64-96BF-BF21D003E3E7}.Debug|Any CPU.Build.0 = Debug|Any CPU
		{0AE6C792-7E29-4A64-96BF-BF21D003E3E7}.Release|Any CPU.ActiveCfg = Release|Any CPU
		{0AE6C792-7E29-4A64-96BF-BF21D003E3E7}.Release|Any CPU.Build.0 = Release|Any CPU
		{521C145D-7982-4F76-A2B3-12BF69D9DB2F}.Debug|Any CPU.ActiveCfg = Debug|Any CPU
		{521C145D-7982-4F76-A2B3-12BF69D9DB2F}.Debug|Any CPU.Build.0 = Debug|Any CPU
		{521C145D-7982-4F76-A2B3-12BF69D9DB2F}.Release|Any CPU.ActiveCfg = Release|Any CPU
		{521C145D-7982-4F76-A2B3-12BF69D9DB2F}.Release|Any CPU.Build.0 = Release|Any CPU
		{929781C5-095E-4D2A-9674-DBEE7D6EE550}.Debug|Any CPU.ActiveCfg = Debug|Any CPU
		{929781C5-095E-4D2A-9674-DBEE7D6EE550}.Debug|Any CPU.Build.0 = Debug|Any CPU
		{929781C5-095E-4D2A-9674-DBEE7D6EE550}.Release|Any CPU.ActiveCfg = Debug|Any CPU
		{929781C5-095E-4D2A-9674-DBEE7D6EE550}.Release|Any CPU.Build.0 = Debug|Any CPU
		{042AD770-577F-4680-97F1-6DF74B4228F7}.Debug|Any CPU.ActiveCfg = Debug|Any CPU
		{042AD770-577F-4680-97F1-6DF74B4228F7}.Debug|Any CPU.Build.0 = Debug|Any CPU
		{042AD770-577F-4680-97F1-6DF74B4228F7}.Release|Any CPU.ActiveCfg = Release|Any CPU
		{042AD770-577F-4680-97F1-6DF74B4228F7}.Release|Any CPU.Build.0 = Release|Any CPU
	EndGlobalSection
	GlobalSection(SolutionProperties) = preSolution
		HideSolutionNode = FALSE
	EndGlobalSection
	GlobalSection(ExtensibilityGlobals) = postSolution
		SolutionGuid = {D306610B-4291-4BA9-BF70-574CCB34B47C}
	EndGlobalSection
EndGlobal
